
Microsoft Visual Studio Solution File, Format Version 12.00
# Visual Studio Version 17
VisualStudioVersion = 17.14.36109.1
MinimumVisualStudioVersion = 10.0.40219.1
Project("{FAE04EC0-301F-11D3-BF4B-00C04F79EFBC}") = "MonsterClicker", "src\demo\MonsterClicker\MonsterClicker.csproj", "{8320DA7B-82A6-474A-AB17-1B464AA023D7}"
EndProject
Project("{FAE04EC0-301F-11D3-BF4B-00C04F79EFBC}") = "BlazorMonsterClicker", "src\demo\BlazorMonsterClicker\BlazorMonsterClicker\BlazorMonsterClicker.csproj", "{66AEA150-2D52-4BC8-AEE9-527F747D2F95}"
EndProject
Project("{2150E333-8FDC-42A3-9474-1A3956D46DE8}") = "Solution Items", "Solution Items", "{8EC462FD-D22E-90A8-E5CE-7E832BA40C5D}"
	ProjectSection(SolutionItems) = preProject
		AGENTS.md = AGENTS.md
	EndProjectSection
EndProject
Project("{54A90642-561A-4BB1-A94E-469ADEE60C69}") = "TypeScriptMonsterClicker", "src\demo\TypeScriptMonsterClicker\TypeScriptMonsterClicker.esproj", "{7F84A14F-D16E-AA0A-0252-1BCF79CD5AB6}"
EndProject
Project("{2150E333-8FDC-42A3-9474-1A3956D46DE8}") = "src", "src", "{388C6387-F030-4CD9-BBDC-490B3CE21464}"
EndProject
Project("{FAE04EC0-301F-11D3-BF4B-00C04F79EFBC}") = "RemoteMvvmTool", "src\RemoteMvvmTool\RemoteMvvmTool.csproj", "{47CDFF96-7D8E-434A-B5FE-F66BDB811B1A}"
EndProject
Project("{2150E333-8FDC-42A3-9474-1A3956D46DE8}") = "test", "test", "{02EA681E-C7D8-13C7-8484-4AC65E1B71E8}"
EndProject
Project("{2150E333-8FDC-42A3-9474-1A3956D46DE8}") = "Monster", "Monster", "{FA452276-E373-4AD4-A6BE-560424D9D97D}"
EndProject
Project("{FAE04EC0-301F-11D3-BF4B-00C04F79EFBC}") = "GameViewModelTests", "test\GameViewModel\GameViewModelTests.csproj", "{F86055AD-E32C-6EFB-4783-F4E89AADFFDD}"
EndProject
Project("{2150E333-8FDC-42A3-9474-1A3956D46DE8}") = "GameViewModel", "GameViewModel", "{DAE68D75-BC76-4EAA-9EEC-B1066C709C1C}"
EndProject
Project("{FAE04EC0-301F-11D3-BF4B-00C04F79EFBC}") = "SampleViewModel.Tests", "test\SampleViewModel\SampleViewModel.Tests.csproj", "{A66CC7CB-26D4-ED17-F1A1-A11B073A4228}"
EndProject
Project("{2150E333-8FDC-42A3-9474-1A3956D46DE8}") = "SampleViewModel", "SampleViewModel", "{0AEF7F60-B7E3-48C4-ABA6-524F0D98D29F}"
EndProject
Project("{2150E333-8FDC-42A3-9474-1A3956D46DE8}") = "PointerViewModel", "PointerViewModel", "{21473ECB-66FC-45EA-959C-A2DFE392D5BA}"
EndProject
Project("{FAE04EC0-301F-11D3-BF4B-00C04F79EFBC}") = "PointerViewModelTests", "test\PointerTestModel\PointerViewModelTests.csproj", "{EEDF0A1A-52E4-E107-2BCC-EC5894207308}"
EndProject
Project("{2150E333-8FDC-42A3-9474-1A3956D46DE8}") = "ThermalTest", "ThermalTest", "{6300CAB3-2808-4D0D-8267-33EE6BD7E115}"
EndProject
Project("{2150E333-8FDC-42A3-9474-1A3956D46DE8}") = "ViewModels", "ViewModels", "{19C18C6B-0FED-47F4-A326-232E27E3F000}"
	ProjectSection(SolutionItems) = preProject
		test\ThermalTest\Views\HP3LSThermalTestView.ts = test\ThermalTest\Views\HP3LSThermalTestView.ts
		test\ThermalTest\ViewModels\HP3LSThermalTestViewModel.cs = test\ThermalTest\ViewModels\HP3LSThermalTestViewModel.cs
		test\ThermalTest\ViewModels\IHpMonitor.cs = test\ThermalTest\ViewModels\IHpMonitor.cs
		test\ThermalTest\ViewModels\TestSettingsModel.cs = test\ThermalTest\ViewModels\TestSettingsModel.cs
		test\ThermalTest\ViewModels\ThermalStateEnum.cs = test\ThermalTest\ViewModels\ThermalStateEnum.cs
		test\ThermalTest\ViewModels\ThermalZoneComponentViewModel.cs = test\ThermalTest\ViewModels\ThermalZoneComponentViewModel.cs
	EndProjectSection
EndProject
Project("{2150E333-8FDC-42A3-9474-1A3956D46DE8}") = "generated", "generated", "{CCF4922B-5DB1-429D-B8E7-9FBAECFF9DB2}"
	ProjectSection(SolutionItems) = preProject
		test\ThermalTest\ViewModels\generated\GrpcRemoteOptions.cs = test\ThermalTest\ViewModels\generated\GrpcRemoteOptions.cs
		test\ThermalTest\ViewModels\generated\HP3LSThermalTestViewModel.Remote.g.cs = test\ThermalTest\ViewModels\generated\HP3LSThermalTestViewModel.Remote.g.cs
		test\ThermalTest\ViewModels\generated\HP3LSThermalTestViewModelGrpcServiceImpl.cs = test\ThermalTest\ViewModels\generated\HP3LSThermalTestViewModelGrpcServiceImpl.cs
		test\ThermalTest\ViewModels\generated\HP3LSThermalTestViewModelRemoteClient.cs = test\ThermalTest\ViewModels\generated\HP3LSThermalTestViewModelRemoteClient.cs
		test\ThermalTest\ViewModels\generated\HP3LSThermalTestViewModelRemoteClient.ts = test\ThermalTest\ViewModels\generated\HP3LSThermalTestViewModelRemoteClient.ts
	EndProjectSection
EndProject
Project("{2150E333-8FDC-42A3-9474-1A3956D46DE8}") = "protos", "protos", "{8EEFC213-ADDB-4A8E-BC37-1B258CA06D9B}"
	ProjectSection(SolutionItems) = preProject
		test\ThermalTest\ViewModels\protos\HP3LSThermalTestViewModelService.proto = test\ThermalTest\ViewModels\protos\HP3LSThermalTestViewModelService.proto
	EndProjectSection
EndProject
Project("{FAE04EC0-301F-11D3-BF4B-00C04F79EFBC}") = "ComplexTypes.Tests", "test\ComplexTypes\ComplexTypes.Tests.csproj", "{39A95025-3C20-45BA-83A2-8CBC38AC310F}"
EndProject
Project("{2150E333-8FDC-42A3-9474-1A3956D46DE8}") = "Views", "Views", "{D91D557E-CB93-4DCC-9AD6-EA278278CA81}"
	ProjectSection(SolutionItems) = preProject
		test\ThermalTest\Views\HP3LSThermalTestView.razor = test\ThermalTest\Views\HP3LSThermalTestView.razor
		test\ThermalTest\Views\HP3LSThermalTestView.razor.cs = test\ThermalTest\Views\HP3LSThermalTestView.razor.cs
		test\ThermalTest\Views\HP3LSThermalTestView.razor.css = test\ThermalTest\Views\HP3LSThermalTestView.razor.css
	EndProjectSection
EndProject
Project("{2150E333-8FDC-42A3-9474-1A3956D46DE8}") = "Components", "Components", "{BDD5E06C-6A72-4DB8-9FF7-A73BDA36EFBC}"
	ProjectSection(SolutionItems) = preProject
		test\ThermalTest\Views\Components\GaugeComponent.razor = test\ThermalTest\Views\Components\GaugeComponent.razor
		test\ThermalTest\Views\Components\GaugeComponent.razor.cs = test\ThermalTest\Views\Components\GaugeComponent.razor.cs
		test\ThermalTest\Views\Components\GaugeComponent.razor.css = test\ThermalTest\Views\Components\GaugeComponent.razor.css
		test\ThermalTest\Views\Components\ReadmeComponent.razor = test\ThermalTest\Views\Components\ReadmeComponent.razor
		test\ThermalTest\Views\Components\ReadmeComponent.razor.cs = test\ThermalTest\Views\Components\ReadmeComponent.razor.cs
		test\ThermalTest\Views\Components\ReadmeComponent.razor.css = test\ThermalTest\Views\Components\ReadmeComponent.razor.css
		test\ThermalTest\Views\Components\ThermalZoneCompoonent.razor = test\ThermalTest\Views\Components\ThermalZoneCompoonent.razor
		test\ThermalTest\Views\Components\ThermalZoneCompoonent.razor.cs = test\ThermalTest\Views\Components\ThermalZoneCompoonent.razor.cs
		test\ThermalTest\Views\Components\ThermalZoneCompoonent.razor.css = test\ThermalTest\Views\Components\ThermalZoneCompoonent.razor.css
	EndProjectSection
EndProject
Project("{FAE04EC0-301F-11D3-BF4B-00C04F79EFBC}") = "RemoteMvvmTool.Tests", "test\RemoteMvvmTool.Tests\RemoteMvvmTool.Tests.csproj", "{CFE5665D-F575-454B-81D1-5F794BF2E45C}"
EndProject
Global
	GlobalSection(SolutionConfigurationPlatforms) = preSolution
		Debug|Any CPU = Debug|Any CPU
		Release|Any CPU = Release|Any CPU
	EndGlobalSection
	GlobalSection(ProjectConfigurationPlatforms) = postSolution
		{8320DA7B-82A6-474A-AB17-1B464AA023D7}.Debug|Any CPU.ActiveCfg = Debug|Any CPU
		{8320DA7B-82A6-474A-AB17-1B464AA023D7}.Debug|Any CPU.Build.0 = Debug|Any CPU
		{8320DA7B-82A6-474A-AB17-1B464AA023D7}.Release|Any CPU.ActiveCfg = Release|Any CPU
		{8320DA7B-82A6-474A-AB17-1B464AA023D7}.Release|Any CPU.Build.0 = Release|Any CPU
		{66AEA150-2D52-4BC8-AEE9-527F747D2F95}.Debug|Any CPU.ActiveCfg = Debug|Any CPU
		{66AEA150-2D52-4BC8-AEE9-527F747D2F95}.Debug|Any CPU.Build.0 = Debug|Any CPU
		{66AEA150-2D52-4BC8-AEE9-527F747D2F95}.Release|Any CPU.ActiveCfg = Release|Any CPU
		{66AEA150-2D52-4BC8-AEE9-527F747D2F95}.Release|Any CPU.Build.0 = Release|Any CPU
		{7F84A14F-D16E-AA0A-0252-1BCF79CD5AB6}.Debug|Any CPU.ActiveCfg = Debug|Any CPU
		{7F84A14F-D16E-AA0A-0252-1BCF79CD5AB6}.Debug|Any CPU.Build.0 = Debug|Any CPU
		{7F84A14F-D16E-AA0A-0252-1BCF79CD5AB6}.Debug|Any CPU.Deploy.0 = Debug|Any CPU
		{7F84A14F-D16E-AA0A-0252-1BCF79CD5AB6}.Release|Any CPU.ActiveCfg = Release|Any CPU
		{7F84A14F-D16E-AA0A-0252-1BCF79CD5AB6}.Release|Any CPU.Build.0 = Release|Any CPU
		{7F84A14F-D16E-AA0A-0252-1BCF79CD5AB6}.Release|Any CPU.Deploy.0 = Release|Any CPU
		{47CDFF96-7D8E-434A-B5FE-F66BDB811B1A}.Debug|Any CPU.ActiveCfg = Debug|Any CPU
		{47CDFF96-7D8E-434A-B5FE-F66BDB811B1A}.Debug|Any CPU.Build.0 = Debug|Any CPU
		{47CDFF96-7D8E-434A-B5FE-F66BDB811B1A}.Release|Any CPU.ActiveCfg = Release|Any CPU
		{47CDFF96-7D8E-434A-B5FE-F66BDB811B1A}.Release|Any CPU.Build.0 = Release|Any CPU
		{F86055AD-E32C-6EFB-4783-F4E89AADFFDD}.Debug|Any CPU.ActiveCfg = Debug|Any CPU
		{F86055AD-E32C-6EFB-4783-F4E89AADFFDD}.Debug|Any CPU.Build.0 = Debug|Any CPU
		{F86055AD-E32C-6EFB-4783-F4E89AADFFDD}.Release|Any CPU.ActiveCfg = Release|Any CPU
		{F86055AD-E32C-6EFB-4783-F4E89AADFFDD}.Release|Any CPU.Build.0 = Release|Any CPU
		{A66CC7CB-26D4-ED17-F1A1-A11B073A4228}.Debug|Any CPU.ActiveCfg = Debug|Any CPU
		{A66CC7CB-26D4-ED17-F1A1-A11B073A4228}.Debug|Any CPU.Build.0 = Debug|Any CPU
		{A66CC7CB-26D4-ED17-F1A1-A11B073A4228}.Release|Any CPU.ActiveCfg = Release|Any CPU
		{A66CC7CB-26D4-ED17-F1A1-A11B073A4228}.Release|Any CPU.Build.0 = Release|Any CPU
		{EEDF0A1A-52E4-E107-2BCC-EC5894207308}.Debug|Any CPU.ActiveCfg = Debug|Any CPU
		{EEDF0A1A-52E4-E107-2BCC-EC5894207308}.Debug|Any CPU.Build.0 = Debug|Any CPU
		{EEDF0A1A-52E4-E107-2BCC-EC5894207308}.Release|Any CPU.ActiveCfg = Release|Any CPU
		{EEDF0A1A-52E4-E107-2BCC-EC5894207308}.Release|Any CPU.Build.0 = Release|Any CPU
		{39A95025-3C20-45BA-83A2-8CBC38AC310F}.Debug|Any CPU.ActiveCfg = Debug|Any CPU
		{39A95025-3C20-45BA-83A2-8CBC38AC310F}.Debug|Any CPU.Build.0 = Debug|Any CPU
		{39A95025-3C20-45BA-83A2-8CBC38AC310F}.Release|Any CPU.ActiveCfg = Release|Any CPU
		{39A95025-3C20-45BA-83A2-8CBC38AC310F}.Release|Any CPU.Build.0 = Release|Any CPU
		{CFE5665D-F575-454B-81D1-5F794BF2E45C}.Debug|Any CPU.ActiveCfg = Debug|Any CPU
		{CFE5665D-F575-454B-81D1-5F794BF2E45C}.Debug|Any CPU.Build.0 = Debug|Any CPU
		{CFE5665D-F575-454B-81D1-5F794BF2E45C}.Release|Any CPU.ActiveCfg = Release|Any CPU
		{CFE5665D-F575-454B-81D1-5F794BF2E45C}.Release|Any CPU.Build.0 = Release|Any CPU
	EndGlobalSection
	GlobalSection(SolutionProperties) = preSolution
		HideSolutionNode = FALSE
	EndGlobalSection
	GlobalSection(NestedProjects) = preSolution
		{8320DA7B-82A6-474A-AB17-1B464AA023D7} = {FA452276-E373-4AD4-A6BE-560424D9D97D}
		{66AEA150-2D52-4BC8-AEE9-527F747D2F95} = {FA452276-E373-4AD4-A6BE-560424D9D97D}
		{7F84A14F-D16E-AA0A-0252-1BCF79CD5AB6} = {FA452276-E373-4AD4-A6BE-560424D9D97D}
		{47CDFF96-7D8E-434A-B5FE-F66BDB811B1A} = {388C6387-F030-4CD9-BBDC-490B3CE21464}
		{FA452276-E373-4AD4-A6BE-560424D9D97D} = {02EA681E-C7D8-13C7-8484-4AC65E1B71E8}
		{F86055AD-E32C-6EFB-4783-F4E89AADFFDD} = {DAE68D75-BC76-4EAA-9EEC-B1066C709C1C}
		{DAE68D75-BC76-4EAA-9EEC-B1066C709C1C} = {02EA681E-C7D8-13C7-8484-4AC65E1B71E8}
		{A66CC7CB-26D4-ED17-F1A1-A11B073A4228} = {0AEF7F60-B7E3-48C4-ABA6-524F0D98D29F}
		{0AEF7F60-B7E3-48C4-ABA6-524F0D98D29F} = {02EA681E-C7D8-13C7-8484-4AC65E1B71E8}
		{21473ECB-66FC-45EA-959C-A2DFE392D5BA} = {02EA681E-C7D8-13C7-8484-4AC65E1B71E8}
		{EEDF0A1A-52E4-E107-2BCC-EC5894207308} = {21473ECB-66FC-45EA-959C-A2DFE392D5BA}
		{6300CAB3-2808-4D0D-8267-33EE6BD7E115} = {02EA681E-C7D8-13C7-8484-4AC65E1B71E8}
		{19C18C6B-0FED-47F4-A326-232E27E3F000} = {6300CAB3-2808-4D0D-8267-33EE6BD7E115}
		{CCF4922B-5DB1-429D-B8E7-9FBAECFF9DB2} = {19C18C6B-0FED-47F4-A326-232E27E3F000}
		{8EEFC213-ADDB-4A8E-BC37-1B258CA06D9B} = {19C18C6B-0FED-47F4-A326-232E27E3F000}
		{39A95025-3C20-45BA-83A2-8CBC38AC310F} = {02EA681E-C7D8-13C7-8484-4AC65E1B71E8}
		{D91D557E-CB93-4DCC-9AD6-EA278278CA81} = {6300CAB3-2808-4D0D-8267-33EE6BD7E115}
		{BDD5E06C-6A72-4DB8-9FF7-A73BDA36EFBC} = {D91D557E-CB93-4DCC-9AD6-EA278278CA81}
		{CFE5665D-F575-454B-81D1-5F794BF2E45C} = {02EA681E-C7D8-13C7-8484-4AC65E1B71E8}
	EndGlobalSection
	GlobalSection(ExtensibilityGlobals) = postSolution
		SolutionGuid = {012EEB0A-22C5-4971-A229-3CC35E554B71}
	EndGlobalSection
EndGlobal
