
Microsoft Visual Studio Solution File, Format Version 12.00
# Visual Studio Version 17
VisualStudioVersion = 17.14.36109.1 d17.14
MinimumVisualStudioVersion = 10.0.40219.1
Project("{FAE04EC0-301F-11D3-BF4B-00C04F79EFBC}") = "RemoteMvvm", "RemoteMvvm.csproj", "{A7D8DF39-EC6D-41CA-BE47-35ED7F8CCC87}"
EndProject
Project("{FAE04EC0-301F-11D3-BF4B-00C04F79EFBC}") = "MvvmSourceGenerator", "..\MvvmSourceGenerator\MvvmSourceGenerator.csproj", "{CE17AABA-5520-4FFF-B710-858BC57B811A}"
EndProject
Global
	GlobalSection(SolutionConfigurationPlatforms) = preSolution
		Debug|Any CPU = Debug|Any CPU
		Release|Any CPU = Release|Any CPU
	EndGlobalSection
	GlobalSection(ProjectConfigurationPlatforms) = postSolution
		{A7D8DF39-EC6D-41CA-BE47-35ED7F8CCC87}.Debug|Any CPU.ActiveCfg = Debug|Any CPU
		{A7D8DF39-EC6D-41CA-BE47-35ED7F8CCC87}.Debug|Any CPU.Build.0 = Debug|Any CPU
		{A7D8DF39-EC6D-41CA-BE47-35ED7F8CCC87}.Release|Any CPU.ActiveCfg = Release|Any CPU
		{A7D8DF39-EC6D-41CA-BE47-35ED7F8CCC87}.Release|Any CPU.Build.0 = Release|Any CPU
		{CE17AABA-5520-4FFF-B710-858BC57B811A}.Debug|Any CPU.ActiveCfg = Debug|Any CPU
		{CE17AABA-5520-4FFF-B710-858BC57B811A}.Debug|Any CPU.Build.0 = Debug|Any CPU
		{CE17AABA-5520-4FFF-B710-858BC57B811A}.Release|Any CPU.ActiveCfg = Release|Any CPU
		{CE17AABA-5520-4FFF-B710-858BC57B811A}.Release|Any CPU.Build.0 = Release|Any CPU
	EndGlobalSection
	GlobalSection(SolutionProperties) = preSolution
		HideSolutionNode = FALSE
	EndGlobalSection
	GlobalSection(ExtensibilityGlobals) = postSolution
		SolutionGuid = {012EEB0A-22C5-4971-A229-3CC35E554B71}
	EndGlobalSection
EndGlobal
